<?xml version="1.0" encoding="utf-8"?>
<Project ToolsVersion="4.0" xmlns="http://schemas.microsoft.com/developer/msbuild/2003">
  <ItemGroup>
    <Filter Include="Include">
      <UniqueIdentifier>{f595166f-2e90-432d-95c1-ce52d949f6ee}</UniqueIdentifier>
    </Filter>
  </ItemGroup>
  <ItemGroup>
    <ClInclude Include="Include\ML_Tools_Version.h">
      <Filter>Include</Filter>
    </ClInclude>
  </ItemGroup>
</Project>